// !$*UTF8*$!
{
	archiveVersion = 1;
	classes = {
	};
	objectVersion = 55;
	objects = {

/* Begin PBXBuildFile section */
		D00F027A28C200F50015398F /* WriteMemoViewController.swift in Sources */ = {isa = PBXBuildFile; fileRef = D00F027928C200F40015398F /* WriteMemoViewController.swift */; };
		D00F027C28C2021F0015398F /* WriteView.swift in Sources */ = {isa = PBXBuildFile; fileRef = D00F027B28C2021F0015398F /* WriteView.swift */; };
		D02008DE28C0A24700F7CEE4 /* Date+Extension.swift in Sources */ = {isa = PBXBuildFile; fileRef = D02008DD28C0A24700F7CEE4 /* Date+Extension.swift */; };
		D054972528C0F79700E2F986 /* SearchResultTableViewController.swift in Sources */ = {isa = PBXBuildFile; fileRef = D054972428C0F79700E2F986 /* SearchResultTableViewController.swift */; };
		D054972828C10E3700E2F986 /* String+Extension.swift in Sources */ = {isa = PBXBuildFile; fileRef = D054972728C10E3700E2F986 /* String+Extension.swift */; };
		D06FCFB128BF758200BBE471 /* MemoListTableViewCell.swift in Sources */ = {isa = PBXBuildFile; fileRef = D06FCFB028BF758200BBE471 /* MemoListTableViewCell.swift */; };
		D06FCFB528BF768100BBE471 /* ReusableProtocol.swift in Sources */ = {isa = PBXBuildFile; fileRef = D06FCFB428BF768100BBE471 /* ReusableProtocol.swift */; };
		D06FCFB728BF7E6800BBE471 /* MemoListTableViewHeader.swift in Sources */ = {isa = PBXBuildFile; fileRef = D06FCFB628BF7E6800BBE471 /* MemoListTableViewHeader.swift */; };
		D06FCFB928BF99C100BBE471 /* Int+Extension.swift in Sources */ = {isa = PBXBuildFile; fileRef = D06FCFB828BF99C100BBE471 /* Int+Extension.swift */; };
		D06FCFBB28BF9CF000BBE471 /* UIViewController+Extension.swift in Sources */ = {isa = PBXBuildFile; fileRef = D06FCFBA28BF9CF000BBE471 /* UIViewController+Extension.swift */; };
		D06FCFBE28BFB60500BBE471 /* Memo.swift in Sources */ = {isa = PBXBuildFile; fileRef = D06FCFBD28BFB60500BBE471 /* Memo.swift */; };
		D06FCFC028BFB79700BBE471 /* MemoDataManager.swift in Sources */ = {isa = PBXBuildFile; fileRef = D06FCFBF28BFB79700BBE471 /* MemoDataManager.swift */; };
		D08969C228BF281F003F6A30 /* AppDelegate.swift in Sources */ = {isa = PBXBuildFile; fileRef = D08969C128BF281F003F6A30 /* AppDelegate.swift */; };
		D08969C428BF281F003F6A30 /* SceneDelegate.swift in Sources */ = {isa = PBXBuildFile; fileRef = D08969C328BF281F003F6A30 /* SceneDelegate.swift */; };
		D08969CB28BF2820003F6A30 /* Assets.xcassets in Resources */ = {isa = PBXBuildFile; fileRef = D08969CA28BF2820003F6A30 /* Assets.xcassets */; };
		D08969CE28BF2820003F6A30 /* LaunchScreen.storyboard in Resources */ = {isa = PBXBuildFile; fileRef = D08969CC28BF2820003F6A30 /* LaunchScreen.storyboard */; };
		D08969DB28BF2CA1003F6A30 /* MemoListViewController.swift in Sources */ = {isa = PBXBuildFile; fileRef = D08969DA28BF2CA1003F6A30 /* MemoListViewController.swift */; };
		D0BB248028BF32E800DE0C66 /* Realm in Frameworks */ = {isa = PBXBuildFile; productRef = D0BB247F28BF32E800DE0C66 /* Realm */; };
		D0BB248228BF32E800DE0C66 /* RealmSwift in Frameworks */ = {isa = PBXBuildFile; productRef = D0BB248128BF32E800DE0C66 /* RealmSwift */; };
		D0BB248528BF330D00DE0C66 /* SnapKit in Frameworks */ = {isa = PBXBuildFile; productRef = D0BB248428BF330D00DE0C66 /* SnapKit */; };
		D0BB248828BF333300DE0C66 /* IQKeyboardManagerSwift in Frameworks */ = {isa = PBXBuildFile; productRef = D0BB248728BF333300DE0C66 /* IQKeyboardManagerSwift */; };
		D0BB248B28BF3CD100DE0C66 /* MemoListView.swift in Sources */ = {isa = PBXBuildFile; fileRef = D0BB248A28BF3CD100DE0C66 /* MemoListView.swift */; };
		D0BB248F28BF3D2500DE0C66 /* BaseViewController.swift in Sources */ = {isa = PBXBuildFile; fileRef = D0BB248E28BF3D2500DE0C66 /* BaseViewController.swift */; };
		D0BB249128BF3E0700DE0C66 /* BaseView.swift in Sources */ = {isa = PBXBuildFile; fileRef = D0BB249028BF3E0700DE0C66 /* BaseView.swift */; };
		D0BB249428BF3E4A00DE0C66 /* UIColor+Extension.swift in Sources */ = {isa = PBXBuildFile; fileRef = D0BB249328BF3E4A00DE0C66 /* UIColor+Extension.swift */; };
		D0E1DDA528C352E0002DB37A /* PopUpViewController.swift in Sources */ = {isa = PBXBuildFile; fileRef = D0E1DDA428C352E0002DB37A /* PopUpViewController.swift */; };
		D0E1DDA728C352E7002DB37A /* PopUpView.swift in Sources */ = {isa = PBXBuildFile; fileRef = D0E1DDA628C352E7002DB37A /* PopUpView.swift */; };
/* End PBXBuildFile section */

/* Begin PBXFileReference section */
		D00F027928C200F40015398F /* WriteMemoViewController.swift */ = {isa = PBXFileReference; lastKnownFileType = sourcecode.swift; path = WriteMemoViewController.swift; sourceTree = "<group>"; };
		D00F027B28C2021F0015398F /* WriteView.swift */ = {isa = PBXFileReference; lastKnownFileType = sourcecode.swift; path = WriteView.swift; sourceTree = "<group>"; };
		D02008DD28C0A24700F7CEE4 /* Date+Extension.swift */ = {isa = PBXFileReference; lastKnownFileType = sourcecode.swift; path = "Date+Extension.swift"; sourceTree = "<group>"; };
		D054972428C0F79700E2F986 /* SearchResultTableViewController.swift */ = {isa = PBXFileReference; lastKnownFileType = sourcecode.swift; path = SearchResultTableViewController.swift; sourceTree = "<group>"; };
		D054972728C10E3700E2F986 /* String+Extension.swift */ = {isa = PBXFileReference; lastKnownFileType = sourcecode.swift; path = "String+Extension.swift"; sourceTree = "<group>"; };
		D06FCFB028BF758200BBE471 /* MemoListTableViewCell.swift */ = {isa = PBXFileReference; lastKnownFileType = sourcecode.swift; path = MemoListTableViewCell.swift; sourceTree = "<group>"; };
		D06FCFB428BF768100BBE471 /* ReusableProtocol.swift */ = {isa = PBXFileReference; lastKnownFileType = sourcecode.swift; path = ReusableProtocol.swift; sourceTree = "<group>"; };
		D06FCFB628BF7E6800BBE471 /* MemoListTableViewHeader.swift */ = {isa = PBXFileReference; lastKnownFileType = sourcecode.swift; path = MemoListTableViewHeader.swift; sourceTree = "<group>"; };
		D06FCFB828BF99C100BBE471 /* Int+Extension.swift */ = {isa = PBXFileReference; lastKnownFileType = sourcecode.swift; path = "Int+Extension.swift"; sourceTree = "<group>"; };
		D06FCFBA28BF9CF000BBE471 /* UIViewController+Extension.swift */ = {isa = PBXFileReference; lastKnownFileType = sourcecode.swift; path = "UIViewController+Extension.swift"; sourceTree = "<group>"; };
		D06FCFBD28BFB60500BBE471 /* Memo.swift */ = {isa = PBXFileReference; lastKnownFileType = sourcecode.swift; path = Memo.swift; sourceTree = "<group>"; };
		D06FCFBF28BFB79700BBE471 /* MemoDataManager.swift */ = {isa = PBXFileReference; lastKnownFileType = sourcecode.swift; path = MemoDataManager.swift; sourceTree = "<group>"; };
		D08969BE28BF281F003F6A30 /* BasicMemo.app */ = {isa = PBXFileReference; explicitFileType = wrapper.application; includeInIndex = 0; path = BasicMemo.app; sourceTree = BUILT_PRODUCTS_DIR; };
		D08969C128BF281F003F6A30 /* AppDelegate.swift */ = {isa = PBXFileReference; lastKnownFileType = sourcecode.swift; path = AppDelegate.swift; sourceTree = "<group>"; };
		D08969C328BF281F003F6A30 /* SceneDelegate.swift */ = {isa = PBXFileReference; lastKnownFileType = sourcecode.swift; path = SceneDelegate.swift; sourceTree = "<group>"; };
		D08969CA28BF2820003F6A30 /* Assets.xcassets */ = {isa = PBXFileReference; lastKnownFileType = folder.assetcatalog; path = Assets.xcassets; sourceTree = "<group>"; };
		D08969CD28BF2820003F6A30 /* Base */ = {isa = PBXFileReference; lastKnownFileType = file.storyboard; name = Base; path = Base.lproj/LaunchScreen.storyboard; sourceTree = "<group>"; };
		D08969CF28BF2820003F6A30 /* Info.plist */ = {isa = PBXFileReference; lastKnownFileType = text.plist.xml; path = Info.plist; sourceTree = "<group>"; };
		D08969DA28BF2CA1003F6A30 /* MemoListViewController.swift */ = {isa = PBXFileReference; lastKnownFileType = sourcecode.swift; path = MemoListViewController.swift; sourceTree = "<group>"; };
		D0BB248A28BF3CD100DE0C66 /* MemoListView.swift */ = {isa = PBXFileReference; lastKnownFileType = sourcecode.swift; path = MemoListView.swift; sourceTree = "<group>"; };
		D0BB248E28BF3D2500DE0C66 /* BaseViewController.swift */ = {isa = PBXFileReference; lastKnownFileType = sourcecode.swift; path = BaseViewController.swift; sourceTree = "<group>"; };
		D0BB249028BF3E0700DE0C66 /* BaseView.swift */ = {isa = PBXFileReference; lastKnownFileType = sourcecode.swift; path = BaseView.swift; sourceTree = "<group>"; };
		D0BB249328BF3E4A00DE0C66 /* UIColor+Extension.swift */ = {isa = PBXFileReference; lastKnownFileType = sourcecode.swift; path = "UIColor+Extension.swift"; sourceTree = "<group>"; };
		D0E1DDA428C352E0002DB37A /* PopUpViewController.swift */ = {isa = PBXFileReference; lastKnownFileType = sourcecode.swift; path = PopUpViewController.swift; sourceTree = "<group>"; };
		D0E1DDA628C352E7002DB37A /* PopUpView.swift */ = {isa = PBXFileReference; lastKnownFileType = sourcecode.swift; path = PopUpView.swift; sourceTree = "<group>"; };
/* End PBXFileReference section */

/* Begin PBXFrameworksBuildPhase section */
		D08969BB28BF281F003F6A30 /* Frameworks */ = {
			isa = PBXFrameworksBuildPhase;
			buildActionMask = 2147483647;
			files = (
				D0BB248528BF330D00DE0C66 /* SnapKit in Frameworks */,
				D0BB248828BF333300DE0C66 /* IQKeyboardManagerSwift in Frameworks */,
				D0BB248228BF32E800DE0C66 /* RealmSwift in Frameworks */,
				D0BB248028BF32E800DE0C66 /* Realm in Frameworks */,
			);
			runOnlyForDeploymentPostprocessing = 0;
		};
/* End PBXFrameworksBuildPhase section */

/* Begin PBXGroup section */
		D00F027828C200CB0015398F /* WriteMemoView */ = {
			isa = PBXGroup;
			children = (
				D00F027928C200F40015398F /* WriteMemoViewController.swift */,
				D00F027B28C2021F0015398F /* WriteView.swift */,
			);
			path = WriteMemoView;
			sourceTree = "<group>";
		};
		D054972328C0F76C00E2F986 /* SearchResultVC */ = {
			isa = PBXGroup;
			children = (
				D054972428C0F79700E2F986 /* SearchResultTableViewController.swift */,
			);
			path = SearchResultVC;
			sourceTree = "<group>";
		};
		D054972628C0FF7900E2F986 /* TableView */ = {
			isa = PBXGroup;
			children = (
				D06FCFB628BF7E6800BBE471 /* MemoListTableViewHeader.swift */,
				D06FCFB028BF758200BBE471 /* MemoListTableViewCell.swift */,
			);
			path = TableView;
			sourceTree = "<group>";
		};
		D06FCFB328BF767800BBE471 /* Protocol */ = {
			isa = PBXGroup;
			children = (
				D06FCFB428BF768100BBE471 /* ReusableProtocol.swift */,
			);
			path = Protocol;
			sourceTree = "<group>";
		};
		D06FCFBC28BFAE0A00BBE471 /* Database-Realm */ = {
			isa = PBXGroup;
			children = (
				D06FCFBD28BFB60500BBE471 /* Memo.swift */,
				D06FCFBF28BFB79700BBE471 /* MemoDataManager.swift */,
			);
			path = "Database-Realm";
			sourceTree = "<group>";
		};
		D08969B528BF281F003F6A30 = {
			isa = PBXGroup;
			children = (
				D08969C028BF281F003F6A30 /* BasicMemo */,
				D08969BF28BF281F003F6A30 /* Products */,
			);
			sourceTree = "<group>";
		};
		D08969BF28BF281F003F6A30 /* Products */ = {
			isa = PBXGroup;
			children = (
				D08969BE28BF281F003F6A30 /* BasicMemo.app */,
			);
			name = Products;
			sourceTree = "<group>";
		};
		D08969C028BF281F003F6A30 /* BasicMemo */ = {
			isa = PBXGroup;
			children = (
				D08969D528BF28A1003F6A30 /* App */,
				D0BB248C28BF3D0000DE0C66 /* Utility */,
				D06FCFBC28BFAE0A00BBE471 /* Database-Realm */,
				D08969D928BF2C31003F6A30 /* View */,
				D08969CA28BF2820003F6A30 /* Assets.xcassets */,
				D08969CC28BF2820003F6A30 /* LaunchScreen.storyboard */,
				D08969CF28BF2820003F6A30 /* Info.plist */,
			);
			path = BasicMemo;
			sourceTree = "<group>";
		};
		D08969D528BF28A1003F6A30 /* App */ = {
			isa = PBXGroup;
			children = (
				D08969C128BF281F003F6A30 /* AppDelegate.swift */,
				D08969C328BF281F003F6A30 /* SceneDelegate.swift */,
			);
			path = App;
			sourceTree = "<group>";
		};
		D08969D928BF2C31003F6A30 /* View */ = {
			isa = PBXGroup;
			children = (
				D0E1DDA328C352CF002DB37A /* PopUpView */,
				D054972328C0F76C00E2F986 /* SearchResultVC */,
				D0BB248928BF3CAB00DE0C66 /* MemoListView */,
				D00F027828C200CB0015398F /* WriteMemoView */,
			);
			path = View;
			sourceTree = "<group>";
		};
		D0BB248928BF3CAB00DE0C66 /* MemoListView */ = {
			isa = PBXGroup;
			children = (
				D08969DA28BF2CA1003F6A30 /* MemoListViewController.swift */,
				D0BB248A28BF3CD100DE0C66 /* MemoListView.swift */,
				D054972628C0FF7900E2F986 /* TableView */,
			);
			path = MemoListView;
			sourceTree = "<group>";
		};
		D0BB248C28BF3D0000DE0C66 /* Utility */ = {
			isa = PBXGroup;
			children = (
				D06FCFB328BF767800BBE471 /* Protocol */,
				D0BB249228BF3E4000DE0C66 /* Extension */,
				D0BB248D28BF3D1800DE0C66 /* Base */,
			);
			path = Utility;
			sourceTree = "<group>";
		};
		D0BB248D28BF3D1800DE0C66 /* Base */ = {
			isa = PBXGroup;
			children = (
				D0BB248E28BF3D2500DE0C66 /* BaseViewController.swift */,
				D0BB249028BF3E0700DE0C66 /* BaseView.swift */,
			);
			path = Base;
			sourceTree = "<group>";
		};
		D0BB249228BF3E4000DE0C66 /* Extension */ = {
			isa = PBXGroup;
			children = (
				D0BB249328BF3E4A00DE0C66 /* UIColor+Extension.swift */,
				D06FCFB828BF99C100BBE471 /* Int+Extension.swift */,
				D06FCFBA28BF9CF000BBE471 /* UIViewController+Extension.swift */,
				D02008DD28C0A24700F7CEE4 /* Date+Extension.swift */,
				D054972728C10E3700E2F986 /* String+Extension.swift */,
			);
			path = Extension;
			sourceTree = "<group>";
		};
		D0E1DDA328C352CF002DB37A /* PopUpView */ = {
			isa = PBXGroup;
			children = (
				D0E1DDA428C352E0002DB37A /* PopUpViewController.swift */,
				D0E1DDA628C352E7002DB37A /* PopUpView.swift */,
			);
			path = PopUpView;
			sourceTree = "<group>";
		};
/* End PBXGroup section */

/* Begin PBXNativeTarget section */
		D08969BD28BF281F003F6A30 /* BasicMemo */ = {
			isa = PBXNativeTarget;
			buildConfigurationList = D08969D228BF2820003F6A30 /* Build configuration list for PBXNativeTarget "BasicMemo" */;
			buildPhases = (
				D08969BA28BF281F003F6A30 /* Sources */,
				D08969BB28BF281F003F6A30 /* Frameworks */,
				D08969BC28BF281F003F6A30 /* Resources */,
			);
			buildRules = (
			);
			dependencies = (
			);
			name = BasicMemo;
			packageProductDependencies = (
				D0BB247F28BF32E800DE0C66 /* Realm */,
				D0BB248128BF32E800DE0C66 /* RealmSwift */,
				D0BB248428BF330D00DE0C66 /* SnapKit */,
				D0BB248728BF333300DE0C66 /* IQKeyboardManagerSwift */,
			);
			productName = BasicMemo;
			productReference = D08969BE28BF281F003F6A30 /* BasicMemo.app */;
			productType = "com.apple.product-type.application";
		};
/* End PBXNativeTarget section */

/* Begin PBXProject section */
		D08969B628BF281F003F6A30 /* Project object */ = {
			isa = PBXProject;
			attributes = {
				BuildIndependentTargetsInParallel = 1;
				LastSwiftUpdateCheck = 1340;
				LastUpgradeCheck = 1340;
				TargetAttributes = {
					D08969BD28BF281F003F6A30 = {
						CreatedOnToolsVersion = 13.4.1;
					};
				};
			};
			buildConfigurationList = D08969B928BF281F003F6A30 /* Build configuration list for PBXProject "BasicMemo" */;
			compatibilityVersion = "Xcode 13.0";
			developmentRegion = en;
			hasScannedForEncodings = 0;
			knownRegions = (
				en,
				Base,
			);
			mainGroup = D08969B528BF281F003F6A30;
			packageReferences = (
				D0BB247E28BF32E800DE0C66 /* XCRemoteSwiftPackageReference "realm-swift" */,
				D0BB248328BF330D00DE0C66 /* XCRemoteSwiftPackageReference "SnapKit" */,
				D0BB248628BF333300DE0C66 /* XCRemoteSwiftPackageReference "IQKeyboardManager" */,
			);
			productRefGroup = D08969BF28BF281F003F6A30 /* Products */;
			projectDirPath = "";
			projectRoot = "";
			targets = (
				D08969BD28BF281F003F6A30 /* BasicMemo */,
			);
		};
/* End PBXProject section */

/* Begin PBXResourcesBuildPhase section */
		D08969BC28BF281F003F6A30 /* Resources */ = {
			isa = PBXResourcesBuildPhase;
			buildActionMask = 2147483647;
			files = (
				D08969CE28BF2820003F6A30 /* LaunchScreen.storyboard in Resources */,
				D08969CB28BF2820003F6A30 /* Assets.xcassets in Resources */,
			);
			runOnlyForDeploymentPostprocessing = 0;
		};
/* End PBXResourcesBuildPhase section */

/* Begin PBXSourcesBuildPhase section */
		D08969BA28BF281F003F6A30 /* Sources */ = {
			isa = PBXSourcesBuildPhase;
			buildActionMask = 2147483647;
			files = (
				D0E1DDA728C352E7002DB37A /* PopUpView.swift in Sources */,
				D06FCFBB28BF9CF000BBE471 /* UIViewController+Extension.swift in Sources */,
				D0BB249428BF3E4A00DE0C66 /* UIColor+Extension.swift in Sources */,
				D00F027C28C2021F0015398F /* WriteView.swift in Sources */,
				D0BB248F28BF3D2500DE0C66 /* BaseViewController.swift in Sources */,
				D08969C228BF281F003F6A30 /* AppDelegate.swift in Sources */,
				D00F027A28C200F50015398F /* WriteMemoViewController.swift in Sources */,
				D06FCFB128BF758200BBE471 /* MemoListTableViewCell.swift in Sources */,
				D02008DE28C0A24700F7CEE4 /* Date+Extension.swift in Sources */,
				D08969C428BF281F003F6A30 /* SceneDelegate.swift in Sources */,
				D06FCFB928BF99C100BBE471 /* Int+Extension.swift in Sources */,
				D054972828C10E3700E2F986 /* String+Extension.swift in Sources */,
				D0BB249128BF3E0700DE0C66 /* BaseView.swift in Sources */,
				D06FCFB728BF7E6800BBE471 /* MemoListTableViewHeader.swift in Sources */,
				D0BB248B28BF3CD100DE0C66 /* MemoListView.swift in Sources */,
				D06FCFBE28BFB60500BBE471 /* Memo.swift in Sources */,
				D0E1DDA528C352E0002DB37A /* PopUpViewController.swift in Sources */,
				D054972528C0F79700E2F986 /* SearchResultTableViewController.swift in Sources */,
				D08969DB28BF2CA1003F6A30 /* MemoListViewController.swift in Sources */,
				D06FCFB528BF768100BBE471 /* ReusableProtocol.swift in Sources */,
				D06FCFC028BFB79700BBE471 /* MemoDataManager.swift in Sources */,
			);
			runOnlyForDeploymentPostprocessing = 0;
		};
/* End PBXSourcesBuildPhase section */

/* Begin PBXVariantGroup section */
		D08969CC28BF2820003F6A30 /* LaunchScreen.storyboard */ = {
			isa = PBXVariantGroup;
			children = (
				D08969CD28BF2820003F6A30 /* Base */,
			);
			name = LaunchScreen.storyboard;
			sourceTree = "<group>";
		};
/* End PBXVariantGroup section */

/* Begin XCBuildConfiguration section */
		D08969D028BF2820003F6A30 /* Debug */ = {
			isa = XCBuildConfiguration;
			buildSettings = {
				ALWAYS_SEARCH_USER_PATHS = NO;
				CLANG_ANALYZER_NONNULL = YES;
				CLANG_ANALYZER_NUMBER_OBJECT_CONVERSION = YES_AGGRESSIVE;
				CLANG_CXX_LANGUAGE_STANDARD = "gnu++17";
				CLANG_ENABLE_MODULES = YES;
				CLANG_ENABLE_OBJC_ARC = YES;
				CLANG_ENABLE_OBJC_WEAK = YES;
				CLANG_WARN_BLOCK_CAPTURE_AUTORELEASING = YES;
				CLANG_WARN_BOOL_CONVERSION = YES;
				CLANG_WARN_COMMA = YES;
				CLANG_WARN_CONSTANT_CONVERSION = YES;
				CLANG_WARN_DEPRECATED_OBJC_IMPLEMENTATIONS = YES;
				CLANG_WARN_DIRECT_OBJC_ISA_USAGE = YES_ERROR;
				CLANG_WARN_DOCUMENTATION_COMMENTS = YES;
				CLANG_WARN_EMPTY_BODY = YES;
				CLANG_WARN_ENUM_CONVERSION = YES;
				CLANG_WARN_INFINITE_RECURSION = YES;
				CLANG_WARN_INT_CONVERSION = YES;
				CLANG_WARN_NON_LITERAL_NULL_CONVERSION = YES;
				CLANG_WARN_OBJC_IMPLICIT_RETAIN_SELF = YES;
				CLANG_WARN_OBJC_LITERAL_CONVERSION = YES;
				CLANG_WARN_OBJC_ROOT_CLASS = YES_ERROR;
				CLANG_WARN_QUOTED_INCLUDE_IN_FRAMEWORK_HEADER = YES;
				CLANG_WARN_RANGE_LOOP_ANALYSIS = YES;
				CLANG_WARN_STRICT_PROTOTYPES = YES;
				CLANG_WARN_SUSPICIOUS_MOVE = YES;
				CLANG_WARN_UNGUARDED_AVAILABILITY = YES_AGGRESSIVE;
				CLANG_WARN_UNREACHABLE_CODE = YES;
				CLANG_WARN__DUPLICATE_METHOD_MATCH = YES;
				COPY_PHASE_STRIP = NO;
				DEBUG_INFORMATION_FORMAT = dwarf;
				ENABLE_STRICT_OBJC_MSGSEND = YES;
				ENABLE_TESTABILITY = YES;
				GCC_C_LANGUAGE_STANDARD = gnu11;
				GCC_DYNAMIC_NO_PIC = NO;
				GCC_NO_COMMON_BLOCKS = YES;
				GCC_OPTIMIZATION_LEVEL = 0;
				GCC_PREPROCESSOR_DEFINITIONS = (
					"DEBUG=1",
					"$(inherited)",
				);
				GCC_WARN_64_TO_32_BIT_CONVERSION = YES;
				GCC_WARN_ABOUT_RETURN_TYPE = YES_ERROR;
				GCC_WARN_UNDECLARED_SELECTOR = YES;
				GCC_WARN_UNINITIALIZED_AUTOS = YES_AGGRESSIVE;
				GCC_WARN_UNUSED_FUNCTION = YES;
				GCC_WARN_UNUSED_VARIABLE = YES;
				IPHONEOS_DEPLOYMENT_TARGET = 15.5;
				MTL_ENABLE_DEBUG_INFO = INCLUDE_SOURCE;
				MTL_FAST_MATH = YES;
				ONLY_ACTIVE_ARCH = YES;
				SDKROOT = iphoneos;
				SWIFT_ACTIVE_COMPILATION_CONDITIONS = DEBUG;
				SWIFT_OPTIMIZATION_LEVEL = "-Onone";
			};
			name = Debug;
		};
		D08969D128BF2820003F6A30 /* Release */ = {
			isa = XCBuildConfiguration;
			buildSettings = {
				ALWAYS_SEARCH_USER_PATHS = NO;
				CLANG_ANALYZER_NONNULL = YES;
				CLANG_ANALYZER_NUMBER_OBJECT_CONVERSION = YES_AGGRESSIVE;
				CLANG_CXX_LANGUAGE_STANDARD = "gnu++17";
				CLANG_ENABLE_MODULES = YES;
				CLANG_ENABLE_OBJC_ARC = YES;
				CLANG_ENABLE_OBJC_WEAK = YES;
				CLANG_WARN_BLOCK_CAPTURE_AUTORELEASING = YES;
				CLANG_WARN_BOOL_CONVERSION = YES;
				CLANG_WARN_COMMA = YES;
				CLANG_WARN_CONSTANT_CONVERSION = YES;
				CLANG_WARN_DEPRECATED_OBJC_IMPLEMENTATIONS = YES;
				CLANG_WARN_DIRECT_OBJC_ISA_USAGE = YES_ERROR;
				CLANG_WARN_DOCUMENTATION_COMMENTS = YES;
				CLANG_WARN_EMPTY_BODY = YES;
				CLANG_WARN_ENUM_CONVERSION = YES;
				CLANG_WARN_INFINITE_RECURSION = YES;
				CLANG_WARN_INT_CONVERSION = YES;
				CLANG_WARN_NON_LITERAL_NULL_CONVERSION = YES;
				CLANG_WARN_OBJC_IMPLICIT_RETAIN_SELF = YES;
				CLANG_WARN_OBJC_LITERAL_CONVERSION = YES;
				CLANG_WARN_OBJC_ROOT_CLASS = YES_ERROR;
				CLANG_WARN_QUOTED_INCLUDE_IN_FRAMEWORK_HEADER = YES;
				CLANG_WARN_RANGE_LOOP_ANALYSIS = YES;
				CLANG_WARN_STRICT_PROTOTYPES = YES;
				CLANG_WARN_SUSPICIOUS_MOVE = YES;
				CLANG_WARN_UNGUARDED_AVAILABILITY = YES_AGGRESSIVE;
				CLANG_WARN_UNREACHABLE_CODE = YES;
				CLANG_WARN__DUPLICATE_METHOD_MATCH = YES;
				COPY_PHASE_STRIP = NO;
				DEBUG_INFORMATION_FORMAT = "dwarf-with-dsym";
				ENABLE_NS_ASSERTIONS = NO;
				ENABLE_STRICT_OBJC_MSGSEND = YES;
				GCC_C_LANGUAGE_STANDARD = gnu11;
				GCC_NO_COMMON_BLOCKS = YES;
				GCC_WARN_64_TO_32_BIT_CONVERSION = YES;
				GCC_WARN_ABOUT_RETURN_TYPE = YES_ERROR;
				GCC_WARN_UNDECLARED_SELECTOR = YES;
				GCC_WARN_UNINITIALIZED_AUTOS = YES_AGGRESSIVE;
				GCC_WARN_UNUSED_FUNCTION = YES;
				GCC_WARN_UNUSED_VARIABLE = YES;
				IPHONEOS_DEPLOYMENT_TARGET = 15.5;
				MTL_ENABLE_DEBUG_INFO = NO;
				MTL_FAST_MATH = YES;
				SDKROOT = iphoneos;
				SWIFT_COMPILATION_MODE = wholemodule;
				SWIFT_OPTIMIZATION_LEVEL = "-O";
				VALIDATE_PRODUCT = YES;
			};
			name = Release;
		};
		D08969D328BF2820003F6A30 /* Debug */ = {
			isa = XCBuildConfiguration;
			buildSettings = {
				ASSETCATALOG_COMPILER_APPICON_NAME = AppIcon;
				ASSETCATALOG_COMPILER_GLOBAL_ACCENT_COLOR_NAME = AccentColor;
				CODE_SIGN_STYLE = Automatic;
				CURRENT_PROJECT_VERSION = 1;
				DEVELOPMENT_TEAM = PW2RLJT734;
				GENERATE_INFOPLIST_FILE = YES;
				INFOPLIST_FILE = BasicMemo/Info.plist;
				INFOPLIST_KEY_UIApplicationSupportsIndirectInputEvents = YES;
				INFOPLIST_KEY_UILaunchStoryboardName = LaunchScreen;
				INFOPLIST_KEY_UISupportedInterfaceOrientations_iPad = "UIInterfaceOrientationPortrait UIInterfaceOrientationPortraitUpsideDown UIInterfaceOrientationLandscapeLeft UIInterfaceOrientationLandscapeRight";
				INFOPLIST_KEY_UISupportedInterfaceOrientations_iPhone = "UIInterfaceOrientationPortrait UIInterfaceOrientationLandscapeLeft UIInterfaceOrientationLandscapeRight";
				IPHONEOS_DEPLOYMENT_TARGET = 13.0;
				LD_RUNPATH_SEARCH_PATHS = (
					"$(inherited)",
					"@executable_path/Frameworks",
				);
				MARKETING_VERSION = 1.0;
				PRODUCT_BUNDLE_IDENTIFIER = com.DongHee.BasicMemo;
				PRODUCT_NAME = "$(TARGET_NAME)";
				SWIFT_EMIT_LOC_STRINGS = YES;
				SWIFT_VERSION = 5.0;
				TARGETED_DEVICE_FAMILY = 1;
			};
			name = Debug;
		};
		D08969D428BF2820003F6A30 /* Release */ = {
			isa = XCBuildConfiguration;
			buildSettings = {
				ASSETCATALOG_COMPILER_APPICON_NAME = AppIcon;
				ASSETCATALOG_COMPILER_GLOBAL_ACCENT_COLOR_NAME = AccentColor;
				CODE_SIGN_STYLE = Automatic;
				CURRENT_PROJECT_VERSION = 1;
				DEVELOPMENT_TEAM = PW2RLJT734;
				GENERATE_INFOPLIST_FILE = YES;
				INFOPLIST_FILE = BasicMemo/Info.plist;
				INFOPLIST_KEY_UIApplicationSupportsIndirectInputEvents = YES;
				INFOPLIST_KEY_UILaunchStoryboardName = LaunchScreen;
				INFOPLIST_KEY_UISupportedInterfaceOrientations_iPad = "UIInterfaceOrientationPortrait UIInterfaceOrientationPortraitUpsideDown UIInterfaceOrientationLandscapeLeft UIInterfaceOrientationLandscapeRight";
				INFOPLIST_KEY_UISupportedInterfaceOrientations_iPhone = "UIInterfaceOrientationPortrait UIInterfaceOrientationLandscapeLeft UIInterfaceOrientationLandscapeRight";
				IPHONEOS_DEPLOYMENT_TARGET = 13.0;
				LD_RUNPATH_SEARCH_PATHS = (
					"$(inherited)",
					"@executable_path/Frameworks",
				);
				MARKETING_VERSION = 1.0;
				PRODUCT_BUNDLE_IDENTIFIER = com.DongHee.BasicMemo;
				PRODUCT_NAME = "$(TARGET_NAME)";
				SWIFT_EMIT_LOC_STRINGS = YES;
				SWIFT_VERSION = 5.0;
				TARGETED_DEVICE_FAMILY = 1;
			};
			name = Release;
		};
/* End XCBuildConfiguration section */

/* Begin XCConfigurationList section */
		D08969B928BF281F003F6A30 /* Build configuration list for PBXProject "BasicMemo" */ = {
			isa = XCConfigurationList;
			buildConfigurations = (
				D08969D028BF2820003F6A30 /* Debug */,
				D08969D128BF2820003F6A30 /* Release */,
			);
			defaultConfigurationIsVisible = 0;
			defaultConfigurationName = Release;
		};
		D08969D228BF2820003F6A30 /* Build configuration list for PBXNativeTarget "BasicMemo" */ = {
			isa = XCConfigurationList;
			buildConfigurations = (
				D08969D328BF2820003F6A30 /* Debug */,
				D08969D428BF2820003F6A30 /* Release */,
			);
			defaultConfigurationIsVisible = 0;
			defaultConfigurationName = Release;
		};
/* End XCConfigurationList section */

/* Begin XCRemoteSwiftPackageReference section */
		D0BB247E28BF32E800DE0C66 /* XCRemoteSwiftPackageReference "realm-swift" */ = {
			isa = XCRemoteSwiftPackageReference;
			repositoryURL = "https://github.com/realm/realm-swift.git";
			requirement = {
				kind = upToNextMajorVersion;
				minimumVersion = 10.28.6;
			};
		};
		D0BB248328BF330D00DE0C66 /* XCRemoteSwiftPackageReference "SnapKit" */ = {
			isa = XCRemoteSwiftPackageReference;
			repositoryURL = "https://github.com/SnapKit/SnapKit.git";
			requirement = {
				kind = upToNextMajorVersion;
				minimumVersion = 5.0.0;
			};
		};
		D0BB248628BF333300DE0C66 /* XCRemoteSwiftPackageReference "IQKeyboardManager" */ = {
			isa = XCRemoteSwiftPackageReference;
			repositoryURL = "https://github.com/hackiftekhar/IQKeyboardManager.git";
			requirement = {
				branch = master;
				kind = branch;
			};
		};
/* End XCRemoteSwiftPackageReference section */

/* Begin XCSwiftPackageProductDependency section */
		D0BB247F28BF32E800DE0C66 /* Realm */ = {
			isa = XCSwiftPackageProductDependency;
			package = D0BB247E28BF32E800DE0C66 /* XCRemoteSwiftPackageReference "realm-swift" */;
			productName = Realm;
		};
		D0BB248128BF32E800DE0C66 /* RealmSwift */ = {
			isa = XCSwiftPackageProductDependency;
			package = D0BB247E28BF32E800DE0C66 /* XCRemoteSwiftPackageReference "realm-swift" */;
			productName = RealmSwift;
		};
		D0BB248428BF330D00DE0C66 /* SnapKit */ = {
			isa = XCSwiftPackageProductDependency;
			package = D0BB248328BF330D00DE0C66 /* XCRemoteSwiftPackageReference "SnapKit" */;
			productName = SnapKit;
		};
		D0BB248728BF333300DE0C66 /* IQKeyboardManagerSwift */ = {
			isa = XCSwiftPackageProductDependency;
			package = D0BB248628BF333300DE0C66 /* XCRemoteSwiftPackageReference "IQKeyboardManager" */;
			productName = IQKeyboardManagerSwift;
		};
/* End XCSwiftPackageProductDependency section */
	};
	rootObject = D08969B628BF281F003F6A30 /* Project object */;
}
